// !$*UTF8*$!
{
	archiveVersion = 1;
	classes = {
	};
	objectVersion = 55;
	objects = {

/* Begin PBXBuildFile section */
		CA241AC9280DF47A008005DE /* CGFloatExtensions.swift in Sources */ = {isa = PBXBuildFile; fileRef = CA241AC8280DF47A008005DE /* CGFloatExtensions.swift */; };
		CA241ACB280E17C2008005DE /* DoubleExtensions.swift in Sources */ = {isa = PBXBuildFile; fileRef = CA241ACA280E17C2008005DE /* DoubleExtensions.swift */; };
		CA65849A2808D18900CF6EA3 /* AppDelegate.swift in Sources */ = {isa = PBXBuildFile; fileRef = CA6584992808D18900CF6EA3 /* AppDelegate.swift */; };
		CA65849C2808D18900CF6EA3 /* SceneDelegate.swift in Sources */ = {isa = PBXBuildFile; fileRef = CA65849B2808D18900CF6EA3 /* SceneDelegate.swift */; };
		CA6584A12808D18900CF6EA3 /* LaunchScreen.storyboard in Resources */ = {isa = PBXBuildFile; fileRef = CA65849F2808D18900CF6EA3 /* LaunchScreen.storyboard */; };
		CA6584A32808D18A00CF6EA3 /* Assets.xcassets in Resources */ = {isa = PBXBuildFile; fileRef = CA6584A22808D18A00CF6EA3 /* Assets.xcassets */; };
		CA6584AF2808D39E00CF6EA3 /* JsHelper in Frameworks */ = {isa = PBXBuildFile; productRef = CA6584AE2808D39E00CF6EA3 /* JsHelper */; };
		CA6584B92808D71700CF6EA3 /* APIModel.swift in Sources */ = {isa = PBXBuildFile; fileRef = CA6584B82808D71700CF6EA3 /* APIModel.swift */; };
		CA6584BB2808DF6200CF6EA3 /* CapsuleModel.swift in Sources */ = {isa = PBXBuildFile; fileRef = CA6584BA2808DF6200CF6EA3 /* CapsuleModel.swift */; };
		CA6584BE2808EDA500CF6EA3 /* CompanyModel.swift in Sources */ = {isa = PBXBuildFile; fileRef = CA6584BD2808EDA500CF6EA3 /* CompanyModel.swift */; };
		CA6584C0280A29A900CF6EA3 /* CoreModel.swift in Sources */ = {isa = PBXBuildFile; fileRef = CA6584BF280A29A900CF6EA3 /* CoreModel.swift */; };
		CA6584C2280A2B8800CF6EA3 /* CrewModel.swift in Sources */ = {isa = PBXBuildFile; fileRef = CA6584C1280A2B8800CF6EA3 /* CrewModel.swift */; };
		CA6584C4280A2C6700CF6EA3 /* DragonModel.swift in Sources */ = {isa = PBXBuildFile; fileRef = CA6584C3280A2C6700CF6EA3 /* DragonModel.swift */; };
		CA6584C6280A304400CF6EA3 /* LandPadModel.swift in Sources */ = {isa = PBXBuildFile; fileRef = CA6584C5280A304400CF6EA3 /* LandPadModel.swift */; };
		CA6584C8280A335800CF6EA3 /* LaunchPadModel.swift in Sources */ = {isa = PBXBuildFile; fileRef = CA6584C7280A335800CF6EA3 /* LaunchPadModel.swift */; };
		CA6584CA280A3B5C00CF6EA3 /* PayloadModel.swift in Sources */ = {isa = PBXBuildFile; fileRef = CA6584C9280A3B5C00CF6EA3 /* PayloadModel.swift */; };
		CA6584CC280A3DAE00CF6EA3 /* RoadsterModel.swift in Sources */ = {isa = PBXBuildFile; fileRef = CA6584CB280A3DAE00CF6EA3 /* RoadsterModel.swift */; };
		CA6584CE280A404100CF6EA3 /* ShipModel.swift in Sources */ = {isa = PBXBuildFile; fileRef = CA6584CD280A404100CF6EA3 /* ShipModel.swift */; };
		CA6584D0280A45CC00CF6EA3 /* HistoryModel.swift in Sources */ = {isa = PBXBuildFile; fileRef = CA6584CF280A45CC00CF6EA3 /* HistoryModel.swift */; };
		CA6584D2280A476B00CF6EA3 /* LaunchModel.swift in Sources */ = {isa = PBXBuildFile; fileRef = CA6584D1280A476B00CF6EA3 /* LaunchModel.swift */; };
		CA6584D4280A502D00CF6EA3 /* RocketModel.swift in Sources */ = {isa = PBXBuildFile; fileRef = CA6584D3280A502D00CF6EA3 /* RocketModel.swift */; };
		CA6584D6280D144500CF6EA3 /* TabBarVC.swift in Sources */ = {isa = PBXBuildFile; fileRef = CA6584D5280D144500CF6EA3 /* TabBarVC.swift */; };
		CA6584D8280D164D00CF6EA3 /* LaunchesVC.swift in Sources */ = {isa = PBXBuildFile; fileRef = CA6584D7280D164D00CF6EA3 /* LaunchesVC.swift */; };
		CA6584DA280D167A00CF6EA3 /* CrewVC.swift in Sources */ = {isa = PBXBuildFile; fileRef = CA6584D9280D167A00CF6EA3 /* CrewVC.swift */; };
		CA6584DC280D169800CF6EA3 /* VehiclesVC.swift in Sources */ = {isa = PBXBuildFile; fileRef = CA6584DB280D169800CF6EA3 /* VehiclesVC.swift */; };
		CA6584DE280D16CA00CF6EA3 /* CompanyVC.swift in Sources */ = {isa = PBXBuildFile; fileRef = CA6584DD280D16CA00CF6EA3 /* CompanyVC.swift */; };
		CA6584E1280D16F000CF6EA3 /* SettingsVC.swift in Sources */ = {isa = PBXBuildFile; fileRef = CA6584E0280D16F000CF6EA3 /* SettingsVC.swift */; };
		CA6584E6280DE0D000CF6EA3 /* CompanyTableCell.swift in Sources */ = {isa = PBXBuildFile; fileRef = CA6584E5280DE0D000CF6EA3 /* CompanyTableCell.swift */; };
/* End PBXBuildFile section */

/* Begin PBXFileReference section */
		CA241AC8280DF47A008005DE /* CGFloatExtensions.swift */ = {isa = PBXFileReference; lastKnownFileType = sourcecode.swift; path = CGFloatExtensions.swift; sourceTree = "<group>"; };
		CA241ACA280E17C2008005DE /* DoubleExtensions.swift */ = {isa = PBXFileReference; lastKnownFileType = sourcecode.swift; path = DoubleExtensions.swift; sourceTree = "<group>"; };
		CA6584962808D18900CF6EA3 /* SpaceX.app */ = {isa = PBXFileReference; explicitFileType = wrapper.application; includeInIndex = 0; path = SpaceX.app; sourceTree = BUILT_PRODUCTS_DIR; };
		CA6584992808D18900CF6EA3 /* AppDelegate.swift */ = {isa = PBXFileReference; lastKnownFileType = sourcecode.swift; path = AppDelegate.swift; sourceTree = "<group>"; };
		CA65849B2808D18900CF6EA3 /* SceneDelegate.swift */ = {isa = PBXFileReference; lastKnownFileType = sourcecode.swift; path = SceneDelegate.swift; sourceTree = "<group>"; };
		CA6584A02808D18900CF6EA3 /* Base */ = {isa = PBXFileReference; lastKnownFileType = file.storyboard; name = Base; path = Base.lproj/LaunchScreen.storyboard; sourceTree = "<group>"; };
		CA6584A22808D18A00CF6EA3 /* Assets.xcassets */ = {isa = PBXFileReference; lastKnownFileType = folder.assetcatalog; path = Assets.xcassets; sourceTree = "<group>"; };
		CA6584A72808D18A00CF6EA3 /* Info.plist */ = {isa = PBXFileReference; lastKnownFileType = text.plist.xml; path = Info.plist; sourceTree = "<group>"; };
		CA6584B82808D71700CF6EA3 /* APIModel.swift */ = {isa = PBXFileReference; lastKnownFileType = sourcecode.swift; path = APIModel.swift; sourceTree = "<group>"; };
		CA6584BA2808DF6200CF6EA3 /* CapsuleModel.swift */ = {isa = PBXFileReference; lastKnownFileType = sourcecode.swift; path = CapsuleModel.swift; sourceTree = "<group>"; };
		CA6584BD2808EDA500CF6EA3 /* CompanyModel.swift */ = {isa = PBXFileReference; lastKnownFileType = sourcecode.swift; path = CompanyModel.swift; sourceTree = "<group>"; };
		CA6584BF280A29A900CF6EA3 /* CoreModel.swift */ = {isa = PBXFileReference; lastKnownFileType = sourcecode.swift; path = CoreModel.swift; sourceTree = "<group>"; };
		CA6584C1280A2B8800CF6EA3 /* CrewModel.swift */ = {isa = PBXFileReference; lastKnownFileType = sourcecode.swift; path = CrewModel.swift; sourceTree = "<group>"; };
		CA6584C3280A2C6700CF6EA3 /* DragonModel.swift */ = {isa = PBXFileReference; lastKnownFileType = sourcecode.swift; path = DragonModel.swift; sourceTree = "<group>"; };
		CA6584C5280A304400CF6EA3 /* LandPadModel.swift */ = {isa = PBXFileReference; lastKnownFileType = sourcecode.swift; path = LandPadModel.swift; sourceTree = "<group>"; };
		CA6584C7280A335800CF6EA3 /* LaunchPadModel.swift */ = {isa = PBXFileReference; lastKnownFileType = sourcecode.swift; path = LaunchPadModel.swift; sourceTree = "<group>"; };
		CA6584C9280A3B5C00CF6EA3 /* PayloadModel.swift */ = {isa = PBXFileReference; lastKnownFileType = sourcecode.swift; path = PayloadModel.swift; sourceTree = "<group>"; };
		CA6584CB280A3DAE00CF6EA3 /* RoadsterModel.swift */ = {isa = PBXFileReference; lastKnownFileType = sourcecode.swift; path = RoadsterModel.swift; sourceTree = "<group>"; };
		CA6584CD280A404100CF6EA3 /* ShipModel.swift */ = {isa = PBXFileReference; lastKnownFileType = sourcecode.swift; path = ShipModel.swift; sourceTree = "<group>"; };
		CA6584CF280A45CC00CF6EA3 /* HistoryModel.swift */ = {isa = PBXFileReference; lastKnownFileType = sourcecode.swift; path = HistoryModel.swift; sourceTree = "<group>"; };
		CA6584D1280A476B00CF6EA3 /* LaunchModel.swift */ = {isa = PBXFileReference; lastKnownFileType = sourcecode.swift; path = LaunchModel.swift; sourceTree = "<group>"; };
		CA6584D3280A502D00CF6EA3 /* RocketModel.swift */ = {isa = PBXFileReference; lastKnownFileType = sourcecode.swift; path = RocketModel.swift; sourceTree = "<group>"; };
		CA6584D5280D144500CF6EA3 /* TabBarVC.swift */ = {isa = PBXFileReference; lastKnownFileType = sourcecode.swift; path = TabBarVC.swift; sourceTree = "<group>"; };
		CA6584D7280D164D00CF6EA3 /* LaunchesVC.swift */ = {isa = PBXFileReference; lastKnownFileType = sourcecode.swift; path = LaunchesVC.swift; sourceTree = "<group>"; };
		CA6584D9280D167A00CF6EA3 /* CrewVC.swift */ = {isa = PBXFileReference; lastKnownFileType = sourcecode.swift; path = CrewVC.swift; sourceTree = "<group>"; };
		CA6584DB280D169800CF6EA3 /* VehiclesVC.swift */ = {isa = PBXFileReference; lastKnownFileType = sourcecode.swift; path = VehiclesVC.swift; sourceTree = "<group>"; };
		CA6584DD280D16CA00CF6EA3 /* CompanyVC.swift */ = {isa = PBXFileReference; lastKnownFileType = sourcecode.swift; path = CompanyVC.swift; sourceTree = "<group>"; };
		CA6584E0280D16F000CF6EA3 /* SettingsVC.swift */ = {isa = PBXFileReference; lastKnownFileType = sourcecode.swift; path = SettingsVC.swift; sourceTree = "<group>"; };
		CA6584E5280DE0D000CF6EA3 /* CompanyTableCell.swift */ = {isa = PBXFileReference; lastKnownFileType = sourcecode.swift; path = CompanyTableCell.swift; sourceTree = "<group>"; };
/* End PBXFileReference section */

/* Begin PBXFrameworksBuildPhase section */
		CA6584932808D18900CF6EA3 /* Frameworks */ = {
			isa = PBXFrameworksBuildPhase;
			buildActionMask = 2147483647;
			files = (
				CA6584AF2808D39E00CF6EA3 /* JsHelper in Frameworks */,
			);
			runOnlyForDeploymentPostprocessing = 0;
		};
/* End PBXFrameworksBuildPhase section */

/* Begin PBXGroup section */
		CA241AC7280DF464008005DE /* Extensions */ = {
			isa = PBXGroup;
			children = (
				CA241AC8280DF47A008005DE /* CGFloatExtensions.swift */,
				CA241ACA280E17C2008005DE /* DoubleExtensions.swift */,
			);
			path = Extensions;
			sourceTree = "<group>";
		};
		CA65848D2808D18900CF6EA3 = {
			isa = PBXGroup;
			children = (
				CA6584982808D18900CF6EA3 /* SpaceX */,
				CA6584972808D18900CF6EA3 /* Products */,
			);
			sourceTree = "<group>";
		};
		CA6584972808D18900CF6EA3 /* Products */ = {
			isa = PBXGroup;
			children = (
				CA6584962808D18900CF6EA3 /* SpaceX.app */,
			);
			name = Products;
			sourceTree = "<group>";
		};
		CA6584982808D18900CF6EA3 /* SpaceX */ = {
			isa = PBXGroup;
			children = (
				CA6584A72808D18A00CF6EA3 /* Info.plist */,
				CA6584A22808D18A00CF6EA3 /* Assets.xcassets */,
				CA6584B72808D6AB00CF6EA3 /* App */,
				CA6584B22808D46800CF6EA3 /* Models */,
				CA6584B32808D47000CF6EA3 /* Shared */,
				CA6584B12808D44F00CF6EA3 /* ViewModels */,
				CA6584B02808D44100CF6EA3 /* Views */,
			);
			path = SpaceX;
			sourceTree = "<group>";
		};
		CA6584B02808D44100CF6EA3 /* Views */ = {
			isa = PBXGroup;
			children = (
				CA6584E4280DE09500CF6EA3 /* Company */,
				CA6584D5280D144500CF6EA3 /* TabBarVC.swift */,
				CA6584D7280D164D00CF6EA3 /* LaunchesVC.swift */,
				CA6584D9280D167A00CF6EA3 /* CrewVC.swift */,
				CA6584DB280D169800CF6EA3 /* VehiclesVC.swift */,
				CA6584E0280D16F000CF6EA3 /* SettingsVC.swift */,
			);
			path = Views;
			sourceTree = "<group>";
		};
		CA6584B12808D44F00CF6EA3 /* ViewModels */ = {
			isa = PBXGroup;
			children = (
			);
			path = ViewModels;
			sourceTree = "<group>";
		};
		CA6584B22808D46800CF6EA3 /* Models */ = {
			isa = PBXGroup;
			children = (
				CA6584BA2808DF6200CF6EA3 /* CapsuleModel.swift */,
				CA6584BD2808EDA500CF6EA3 /* CompanyModel.swift */,
				CA6584BF280A29A900CF6EA3 /* CoreModel.swift */,
				CA6584C1280A2B8800CF6EA3 /* CrewModel.swift */,
				CA6584C3280A2C6700CF6EA3 /* DragonModel.swift */,
				CA6584C5280A304400CF6EA3 /* LandPadModel.swift */,
				CA6584C7280A335800CF6EA3 /* LaunchPadModel.swift */,
				CA6584C9280A3B5C00CF6EA3 /* PayloadModel.swift */,
				CA6584CB280A3DAE00CF6EA3 /* RoadsterModel.swift */,
				CA6584CD280A404100CF6EA3 /* ShipModel.swift */,
				CA6584CF280A45CC00CF6EA3 /* HistoryModel.swift */,
				CA6584D1280A476B00CF6EA3 /* LaunchModel.swift */,
				CA6584D3280A502D00CF6EA3 /* RocketModel.swift */,
			);
			path = Models;
			sourceTree = "<group>";
		};
		CA6584B32808D47000CF6EA3 /* Shared */ = {
			isa = PBXGroup;
			children = (
				CA241AC7280DF464008005DE /* Extensions */,
				CA6584B82808D71700CF6EA3 /* APIModel.swift */,
			);
			path = Shared;
			sourceTree = "<group>";
		};
		CA6584B72808D6AB00CF6EA3 /* App */ = {
			isa = PBXGroup;
			children = (
				CA65849F2808D18900CF6EA3 /* LaunchScreen.storyboard */,
				CA6584992808D18900CF6EA3 /* AppDelegate.swift */,
				CA65849B2808D18900CF6EA3 /* SceneDelegate.swift */,
			);
			path = App;
			sourceTree = "<group>";
		};
		CA6584E4280DE09500CF6EA3 /* Company */ = {
			isa = PBXGroup;
			children = (
				CA6584DD280D16CA00CF6EA3 /* CompanyVC.swift */,
				CA6584E5280DE0D000CF6EA3 /* CompanyTableCell.swift */,
			);
			path = Company;
			sourceTree = "<group>";
		};
/* End PBXGroup section */

/* Begin PBXNativeTarget section */
		CA6584952808D18900CF6EA3 /* SpaceX */ = {
			isa = PBXNativeTarget;
			buildConfigurationList = CA6584AA2808D18A00CF6EA3 /* Build configuration list for PBXNativeTarget "SpaceX" */;
			buildPhases = (
				CA6584922808D18900CF6EA3 /* Sources */,
				CA6584932808D18900CF6EA3 /* Frameworks */,
				CA6584942808D18900CF6EA3 /* Resources */,
				CA6584BC2808E7EB00CF6EA3 /* ShellScript */,
			);
			buildRules = (
			);
			dependencies = (
			);
			name = SpaceX;
			packageProductDependencies = (
				CA6584AE2808D39E00CF6EA3 /* JsHelper */,
			);
			productName = SpaceX;
			productReference = CA6584962808D18900CF6EA3 /* SpaceX.app */;
			productType = "com.apple.product-type.application";
		};
/* End PBXNativeTarget section */

/* Begin PBXProject section */
		CA65848E2808D18900CF6EA3 /* Project object */ = {
			isa = PBXProject;
			attributes = {
				BuildIndependentTargetsInParallel = 1;
				LastSwiftUpdateCheck = 1330;
				LastUpgradeCheck = 1330;
				TargetAttributes = {
					CA6584952808D18900CF6EA3 = {
						CreatedOnToolsVersion = 13.3;
					};
				};
			};
			buildConfigurationList = CA6584912808D18900CF6EA3 /* Build configuration list for PBXProject "SpaceX" */;
			compatibilityVersion = "Xcode 13.0";
			developmentRegion = en;
			hasScannedForEncodings = 0;
			knownRegions = (
				en,
				Base,
			);
			mainGroup = CA65848D2808D18900CF6EA3;
			packageReferences = (
				CA6584AD2808D39E00CF6EA3 /* XCRemoteSwiftPackageReference "JsHelper" */,
			);
			productRefGroup = CA6584972808D18900CF6EA3 /* Products */;
			projectDirPath = "";
			projectRoot = "";
			targets = (
				CA6584952808D18900CF6EA3 /* SpaceX */,
			);
		};
/* End PBXProject section */

/* Begin PBXResourcesBuildPhase section */
		CA6584942808D18900CF6EA3 /* Resources */ = {
			isa = PBXResourcesBuildPhase;
			buildActionMask = 2147483647;
			files = (
				CA6584A32808D18A00CF6EA3 /* Assets.xcassets in Resources */,
				CA6584A12808D18900CF6EA3 /* LaunchScreen.storyboard in Resources */,
			);
			runOnlyForDeploymentPostprocessing = 0;
		};
/* End PBXResourcesBuildPhase section */

/* Begin PBXShellScriptBuildPhase section */
		CA6584BC2808E7EB00CF6EA3 /* ShellScript */ = {
			isa = PBXShellScriptBuildPhase;
			buildActionMask = 2147483647;
			files = (
			);
			inputFileListPaths = (
			);
			inputPaths = (
			);
			outputFileListPaths = (
			);
			outputPaths = (
			);
			runOnlyForDeploymentPostprocessing = 0;
			shellPath = /bin/sh;
			shellScript = "# Type a script or drag a script file from your workspace to insert its path.\nexport PATH=\"$PATH:/opt/homebrew/bin\"\nif which swiftlint > /dev/null; then\n    swiftlint\nelse\n    echo \"warning: SwiftLint not installed, download from https://github.com/realm/SwiftLint\"\nfi\n";
		};
/* End PBXShellScriptBuildPhase section */

/* Begin PBXSourcesBuildPhase section */
		CA6584922808D18900CF6EA3 /* Sources */ = {
			isa = PBXSourcesBuildPhase;
			buildActionMask = 2147483647;
			files = (
				CA6584DE280D16CA00CF6EA3 /* CompanyVC.swift in Sources */,
				CA6584CA280A3B5C00CF6EA3 /* PayloadModel.swift in Sources */,
				CA241AC9280DF47A008005DE /* CGFloatExtensions.swift in Sources */,
				CA6584CE280A404100CF6EA3 /* ShipModel.swift in Sources */,
				CA6584CC280A3DAE00CF6EA3 /* RoadsterModel.swift in Sources */,
				CA6584DC280D169800CF6EA3 /* VehiclesVC.swift in Sources */,
				CA6584D6280D144500CF6EA3 /* TabBarVC.swift in Sources */,
				CA65849A2808D18900CF6EA3 /* AppDelegate.swift in Sources */,
				CA65849C2808D18900CF6EA3 /* SceneDelegate.swift in Sources */,
				CA6584C0280A29A900CF6EA3 /* CoreModel.swift in Sources */,
				CA6584C4280A2C6700CF6EA3 /* DragonModel.swift in Sources */,
				CA6584D2280A476B00CF6EA3 /* LaunchModel.swift in Sources */,
				CA6584E1280D16F000CF6EA3 /* SettingsVC.swift in Sources */,
				CA6584D4280A502D00CF6EA3 /* RocketModel.swift in Sources */,
				CA6584C2280A2B8800CF6EA3 /* CrewModel.swift in Sources */,
				CA6584D8280D164D00CF6EA3 /* LaunchesVC.swift in Sources */,
				CA6584C6280A304400CF6EA3 /* LandPadModel.swift in Sources */,
				CA6584E6280DE0D000CF6EA3 /* CompanyTableCell.swift in Sources */,
				CA6584DA280D167A00CF6EA3 /* CrewVC.swift in Sources */,
				CA6584BE2808EDA500CF6EA3 /* CompanyModel.swift in Sources */,
				CA6584D0280A45CC00CF6EA3 /* HistoryModel.swift in Sources */,
				CA6584C8280A335800CF6EA3 /* LaunchPadModel.swift in Sources */,
				CA241ACB280E17C2008005DE /* DoubleExtensions.swift in Sources */,
				CA6584B92808D71700CF6EA3 /* APIModel.swift in Sources */,
				CA6584BB2808DF6200CF6EA3 /* CapsuleModel.swift in Sources */,
			);
			runOnlyForDeploymentPostprocessing = 0;
		};
/* End PBXSourcesBuildPhase section */

/* Begin PBXVariantGroup section */
		CA65849F2808D18900CF6EA3 /* LaunchScreen.storyboard */ = {
			isa = PBXVariantGroup;
			children = (
				CA6584A02808D18900CF6EA3 /* Base */,
			);
			name = LaunchScreen.storyboard;
			sourceTree = "<group>";
		};
/* End PBXVariantGroup section */

/* Begin XCBuildConfiguration section */
		CA6584A82808D18A00CF6EA3 /* Debug */ = {
			isa = XCBuildConfiguration;
			buildSettings = {
				ALWAYS_SEARCH_USER_PATHS = NO;
				CLANG_ANALYZER_NONNULL = YES;
				CLANG_ANALYZER_NUMBER_OBJECT_CONVERSION = YES_AGGRESSIVE;
				CLANG_CXX_LANGUAGE_STANDARD = "gnu++17";
				CLANG_ENABLE_MODULES = YES;
				CLANG_ENABLE_OBJC_ARC = YES;
				CLANG_ENABLE_OBJC_WEAK = YES;
				CLANG_WARN_BLOCK_CAPTURE_AUTORELEASING = YES;
				CLANG_WARN_BOOL_CONVERSION = YES;
				CLANG_WARN_COMMA = YES;
				CLANG_WARN_CONSTANT_CONVERSION = YES;
				CLANG_WARN_DEPRECATED_OBJC_IMPLEMENTATIONS = YES;
				CLANG_WARN_DIRECT_OBJC_ISA_USAGE = YES_ERROR;
				CLANG_WARN_DOCUMENTATION_COMMENTS = YES;
				CLANG_WARN_EMPTY_BODY = YES;
				CLANG_WARN_ENUM_CONVERSION = YES;
				CLANG_WARN_INFINITE_RECURSION = YES;
				CLANG_WARN_INT_CONVERSION = YES;
				CLANG_WARN_NON_LITERAL_NULL_CONVERSION = YES;
				CLANG_WARN_OBJC_IMPLICIT_RETAIN_SELF = YES;
				CLANG_WARN_OBJC_LITERAL_CONVERSION = YES;
				CLANG_WARN_OBJC_ROOT_CLASS = YES_ERROR;
				CLANG_WARN_QUOTED_INCLUDE_IN_FRAMEWORK_HEADER = YES;
				CLANG_WARN_RANGE_LOOP_ANALYSIS = YES;
				CLANG_WARN_STRICT_PROTOTYPES = YES;
				CLANG_WARN_SUSPICIOUS_MOVE = YES;
				CLANG_WARN_UNGUARDED_AVAILABILITY = YES_AGGRESSIVE;
				CLANG_WARN_UNREACHABLE_CODE = YES;
				CLANG_WARN__DUPLICATE_METHOD_MATCH = YES;
				COPY_PHASE_STRIP = NO;
				DEBUG_INFORMATION_FORMAT = dwarf;
				ENABLE_STRICT_OBJC_MSGSEND = YES;
				ENABLE_TESTABILITY = YES;
				GCC_C_LANGUAGE_STANDARD = gnu11;
				GCC_DYNAMIC_NO_PIC = NO;
				GCC_NO_COMMON_BLOCKS = YES;
				GCC_OPTIMIZATION_LEVEL = 0;
				GCC_PREPROCESSOR_DEFINITIONS = (
					"DEBUG=1",
					"$(inherited)",
				);
				GCC_WARN_64_TO_32_BIT_CONVERSION = YES;
				GCC_WARN_ABOUT_RETURN_TYPE = YES_ERROR;
				GCC_WARN_UNDECLARED_SELECTOR = YES;
				GCC_WARN_UNINITIALIZED_AUTOS = YES_AGGRESSIVE;
				GCC_WARN_UNUSED_FUNCTION = YES;
				GCC_WARN_UNUSED_VARIABLE = YES;
				IPHONEOS_DEPLOYMENT_TARGET = 15.4;
				MTL_ENABLE_DEBUG_INFO = INCLUDE_SOURCE;
				MTL_FAST_MATH = YES;
				ONLY_ACTIVE_ARCH = YES;
				SDKROOT = iphoneos;
				SWIFT_ACTIVE_COMPILATION_CONDITIONS = DEBUG;
				SWIFT_OPTIMIZATION_LEVEL = "-Onone";
			};
			name = Debug;
		};
		CA6584A92808D18A00CF6EA3 /* Release */ = {
			isa = XCBuildConfiguration;
			buildSettings = {
				ALWAYS_SEARCH_USER_PATHS = NO;
				CLANG_ANALYZER_NONNULL = YES;
				CLANG_ANALYZER_NUMBER_OBJECT_CONVERSION = YES_AGGRESSIVE;
				CLANG_CXX_LANGUAGE_STANDARD = "gnu++17";
				CLANG_ENABLE_MODULES = YES;
				CLANG_ENABLE_OBJC_ARC = YES;
				CLANG_ENABLE_OBJC_WEAK = YES;
				CLANG_WARN_BLOCK_CAPTURE_AUTORELEASING = YES;
				CLANG_WARN_BOOL_CONVERSION = YES;
				CLANG_WARN_COMMA = YES;
				CLANG_WARN_CONSTANT_CONVERSION = YES;
				CLANG_WARN_DEPRECATED_OBJC_IMPLEMENTATIONS = YES;
				CLANG_WARN_DIRECT_OBJC_ISA_USAGE = YES_ERROR;
				CLANG_WARN_DOCUMENTATION_COMMENTS = YES;
				CLANG_WARN_EMPTY_BODY = YES;
				CLANG_WARN_ENUM_CONVERSION = YES;
				CLANG_WARN_INFINITE_RECURSION = YES;
				CLANG_WARN_INT_CONVERSION = YES;
				CLANG_WARN_NON_LITERAL_NULL_CONVERSION = YES;
				CLANG_WARN_OBJC_IMPLICIT_RETAIN_SELF = YES;
				CLANG_WARN_OBJC_LITERAL_CONVERSION = YES;
				CLANG_WARN_OBJC_ROOT_CLASS = YES_ERROR;
				CLANG_WARN_QUOTED_INCLUDE_IN_FRAMEWORK_HEADER = YES;
				CLANG_WARN_RANGE_LOOP_ANALYSIS = YES;
				CLANG_WARN_STRICT_PROTOTYPES = YES;
				CLANG_WARN_SUSPICIOUS_MOVE = YES;
				CLANG_WARN_UNGUARDED_AVAILABILITY = YES_AGGRESSIVE;
				CLANG_WARN_UNREACHABLE_CODE = YES;
				CLANG_WARN__DUPLICATE_METHOD_MATCH = YES;
				COPY_PHASE_STRIP = NO;
				DEBUG_INFORMATION_FORMAT = "dwarf-with-dsym";
				ENABLE_NS_ASSERTIONS = NO;
				ENABLE_STRICT_OBJC_MSGSEND = YES;
				GCC_C_LANGUAGE_STANDARD = gnu11;
				GCC_NO_COMMON_BLOCKS = YES;
				GCC_WARN_64_TO_32_BIT_CONVERSION = YES;
				GCC_WARN_ABOUT_RETURN_TYPE = YES_ERROR;
				GCC_WARN_UNDECLARED_SELECTOR = YES;
				GCC_WARN_UNINITIALIZED_AUTOS = YES_AGGRESSIVE;
				GCC_WARN_UNUSED_FUNCTION = YES;
				GCC_WARN_UNUSED_VARIABLE = YES;
				IPHONEOS_DEPLOYMENT_TARGET = 15.4;
				MTL_ENABLE_DEBUG_INFO = NO;
				MTL_FAST_MATH = YES;
				SDKROOT = iphoneos;
				SWIFT_COMPILATION_MODE = wholemodule;
				SWIFT_OPTIMIZATION_LEVEL = "-O";
				VALIDATE_PRODUCT = YES;
			};
			name = Release;
		};
		CA6584AB2808D18A00CF6EA3 /* Debug */ = {
			isa = XCBuildConfiguration;
			buildSettings = {
				ASSETCATALOG_COMPILER_APPICON_NAME = AppIcon;
				ASSETCATALOG_COMPILER_GLOBAL_ACCENT_COLOR_NAME = AccentColor;
				CODE_SIGN_STYLE = Automatic;
				CURRENT_PROJECT_VERSION = 1;
				DEVELOPMENT_TEAM = HB3E67YK35;
				GENERATE_INFOPLIST_FILE = YES;
				INFOPLIST_FILE = SpaceX/Info.plist;
				INFOPLIST_KEY_UIApplicationSupportsIndirectInputEvents = YES;
				INFOPLIST_KEY_UILaunchStoryboardName = LaunchScreen;
				INFOPLIST_KEY_UISupportedInterfaceOrientations_iPad = "UIInterfaceOrientationPortrait UIInterfaceOrientationPortraitUpsideDown UIInterfaceOrientationLandscapeLeft UIInterfaceOrientationLandscapeRight";
				INFOPLIST_KEY_UISupportedInterfaceOrientations_iPhone = "UIInterfaceOrientationPortrait UIInterfaceOrientationLandscapeLeft UIInterfaceOrientationLandscapeRight";
				IPHONEOS_DEPLOYMENT_TARGET = 13.0;
				LD_RUNPATH_SEARCH_PATHS = (
					"$(inherited)",
					"@executable_path/Frameworks",
				);
				MARKETING_VERSION = 1.0;
				PRODUCT_BUNDLE_IDENTIFIER = com.jemalvarez.SpaceX;
				PRODUCT_NAME = "$(TARGET_NAME)";
				SWIFT_EMIT_LOC_STRINGS = YES;
				SWIFT_VERSION = 5.0;
				TARGETED_DEVICE_FAMILY = "1,2";
			};
			name = Debug;
		};
		CA6584AC2808D18A00CF6EA3 /* Release */ = {
			isa = XCBuildConfiguration;
			buildSettings = {
				ASSETCATALOG_COMPILER_APPICON_NAME = AppIcon;
				ASSETCATALOG_COMPILER_GLOBAL_ACCENT_COLOR_NAME = AccentColor;
				CODE_SIGN_STYLE = Automatic;
				CURRENT_PROJECT_VERSION = 1;
				DEVELOPMENT_TEAM = HB3E67YK35;
				GENERATE_INFOPLIST_FILE = YES;
				INFOPLIST_FILE = SpaceX/Info.plist;
				INFOPLIST_KEY_UIApplicationSupportsIndirectInputEvents = YES;
				INFOPLIST_KEY_UILaunchStoryboardName = LaunchScreen;
				INFOPLIST_KEY_UISupportedInterfaceOrientations_iPad = "UIInterfaceOrientationPortrait UIInterfaceOrientationPortraitUpsideDown UIInterfaceOrientationLandscapeLeft UIInterfaceOrientationLandscapeRight";
				INFOPLIST_KEY_UISupportedInterfaceOrientations_iPhone = "UIInterfaceOrientationPortrait UIInterfaceOrientationLandscapeLeft UIInterfaceOrientationLandscapeRight";
				IPHONEOS_DEPLOYMENT_TARGET = 13.0;
				LD_RUNPATH_SEARCH_PATHS = (
					"$(inherited)",
					"@executable_path/Frameworks",
				);
				MARKETING_VERSION = 1.0;
				PRODUCT_BUNDLE_IDENTIFIER = com.jemalvarez.SpaceX;
				PRODUCT_NAME = "$(TARGET_NAME)";
				SWIFT_EMIT_LOC_STRINGS = YES;
				SWIFT_VERSION = 5.0;
				TARGETED_DEVICE_FAMILY = "1,2";
			};
			name = Release;
		};
/* End XCBuildConfiguration section */

/* Begin XCConfigurationList section */
		CA6584912808D18900CF6EA3 /* Build configuration list for PBXProject "SpaceX" */ = {
			isa = XCConfigurationList;
			buildConfigurations = (
				CA6584A82808D18A00CF6EA3 /* Debug */,
				CA6584A92808D18A00CF6EA3 /* Release */,
			);
			defaultConfigurationIsVisible = 0;
			defaultConfigurationName = Release;
		};
		CA6584AA2808D18A00CF6EA3 /* Build configuration list for PBXNativeTarget "SpaceX" */ = {
			isa = XCConfigurationList;
			buildConfigurations = (
				CA6584AB2808D18A00CF6EA3 /* Debug */,
				CA6584AC2808D18A00CF6EA3 /* Release */,
			);
			defaultConfigurationIsVisible = 0;
			defaultConfigurationName = Release;
		};
/* End XCConfigurationList section */

/* Begin XCRemoteSwiftPackageReference section */
		CA6584AD2808D39E00CF6EA3 /* XCRemoteSwiftPackageReference "JsHelper" */ = {
			isa = XCRemoteSwiftPackageReference;
			repositoryURL = "https://github.com/JemAlvarez/JsHelper";
			requirement = {
				branch = master;
				kind = branch;
			};
		};
/* End XCRemoteSwiftPackageReference section */

/* Begin XCSwiftPackageProductDependency section */
		CA6584AE2808D39E00CF6EA3 /* JsHelper */ = {
			isa = XCSwiftPackageProductDependency;
			package = CA6584AD2808D39E00CF6EA3 /* XCRemoteSwiftPackageReference "JsHelper" */;
			productName = JsHelper;
		};
/* End XCSwiftPackageProductDependency section */
	};
	rootObject = CA65848E2808D18900CF6EA3 /* Project object */;
}
